<?xml version="1.0" encoding="UTF-8"?><Scheme LastUpgradeVersion="2660" version="1.7"><BuildAction parallelizeBuildables="YES" buildImplicitDependencies="YES"><BuildActionEntries><BuildActionEntry buildForTesting="YES" buildForRunning="YES" buildForProfiling="YES" buildForArchiving="YES" buildForAnalyzing="YES"><BuildableReference BuildableIdentifier="primary" BlueprintIdentifier="7D1043473D55BFA90E8530D3" BuildableName="RaceCard.app" BlueprintName="RaceCard" ReferencedContainer="container:RaceCard.xcodeproj"/></BuildActionEntry></BuildActionEntries></BuildAction><TestAction buildConfiguration="Debug" shouldUseLaunchSchemeArgsEnv="YES"><Testables><TestableReference skipped="NO"><BuildableReference BuildableIdentifier="primary" BlueprintIdentifier="A94A8FE5CCB19BA61C4C0873" BuildableName="RaceCardTests.xctest" BlueprintName="RaceCardTests" ReferencedContainer="container:RaceCard.xcodeproj"/></TestableReference><TestableReference skipped="NO"><BuildableReference BuildableIdentifier="primary" BlueprintIdentifier="636117B25F17DA7E91194E09" BuildableName="RaceCardUITests.xctest" BlueprintName="RaceCardUITests" ReferencedContainer="container:RaceCard.xcodeproj"/></TestableReference></Testables></TestAction><LaunchAction buildConfiguration="Debug" selectedDebuggerIdentifier="Xcode.DebuggerFoundation.Debugger.LLDB" selectedLauncherIdentifier="Xcode.IDEFoundation.Launcher.LLDB" launchStyle="0" useCustomWorkingDirectory="NO" ignoresPersistentStateOnLaunch="NO" debugDocumentVersioning="YES" debugServiceExtension="internal" allowLocationSimulation="YES"><BuildableProductRunnable runnableDebuggingMode="0"><BuildableReference BuildableIdentifier="primary" BlueprintIdentifier="7D1043473D55BFA90E8530D3" BuildableName="RaceCard.app" BlueprintName="RaceCard" ReferencedContainer="container:RaceCard.xcodeproj"/></BuildableProductRunnable></LaunchAction><ProfileAction buildConfiguration="Release" shouldUseLaunchSchemeArgsEnv="YES" useCustomWorkingDirectory="NO" debugDocumentVersioning="YES"><BuildableProductRunnable runnableDebuggingMode="0"><BuildableReference BuildableIdentifier="primary" BlueprintIdentifier="7D1043473D55BFA90E8530D3" BuildableName="RaceCard.app" BlueprintName="RaceCard" ReferencedContainer="container:RaceCard.xcodeproj"/></BuildableProductRunnable></ProfileAction><AnalyzeAction buildConfiguration="Debug"/><ArchiveAction buildConfiguration="Release" revealArchiveInOrganizer="YES"/></Scheme>