// !$*UTF8*$!
{ archiveVersion = 1; classes = {}; objectVersion = 56; objects = {
FBDC4F23F93125BBEEAE800C = { isa = PBXGroup; children = (6D795F13C8C22E022040EE00,AEAE4B28CDFF08F590396BA5,A6D19D0C953DFF5F8B9484BA); name = Products; sourceTree = "<group>"; };
5063A0588A0BED9D32DB0623 = { isa = PBXFileReference; lastKnownFileType = sourcecode.swift; path = "RaceCard/Core/AppModel.swift"; sourceTree = "<group>"; };
4679BDEE51EC2A97AC7E0B7F = { isa = PBXBuildFile; fileRef = 5063A0588A0BED9D32DB0623; };
956AE013C8FD9A2E50491C8C = { isa = PBXFileReference; lastKnownFileType = sourcecode.swift; path = "RaceCard/Core/Cache.swift"; sourceTree = "<group>"; };
A6680AB22428A5A50838551E = { isa = PBXBuildFile; fileRef = 956AE013C8FD9A2E50491C8C; };
4B49D92FD7C7690C67DD0D6A = { isa = PBXFileReference; lastKnownFileType = sourcecode.swift; path = "RaceCard/Core/DriverImageRepository.swift"; sourceTree = "<group>"; };
A9DAAD29BD558AC8B8F8B73E = { isa = PBXBuildFile; fileRef = 4B49D92FD7C7690C67DD0D6A; };
25B7BCF10B8B2F985B7F206A = { isa = PBXFileReference; lastKnownFileType = sourcecode.swift; path = "RaceCard/Core/FinalPolish.swift"; sourceTree = "<group>"; };
DBD0BB96B349D0FDB3028EE2 = { isa = PBXBuildFile; fileRef = 25B7BCF10B8B2F985B7F206A; };
7214127F68173480FB64C6BD = { isa = PBXFileReference; lastKnownFileType = sourcecode.swift; path = "RaceCard/Core/IdentityLibrary.swift"; sourceTree = "<group>"; };
DEC2F9C8C98129A654474552 = { isa = PBXBuildFile; fileRef = 7214127F68173480FB64C6BD; };
69703873A6042E1ED75DE3CB = { isa = PBXFileReference; lastKnownFileType = sourcecode.swift; path = "RaceCard/Core/LapTimeDeletion.swift"; sourceTree = "<group>"; };
CC40199EC0D0E14A2AC37EAB = { isa = PBXBuildFile; fileRef = 69703873A6042E1ED75DE3CB; };
4BEC88F1D2D21D6762A4453F = { isa = PBXFileReference; lastKnownFileType = sourcecode.swift; path = "RaceCard/Core/Localization.swift"; sourceTree = "<group>"; };
6B61C32A1CDED96FF9D683FB = { isa = PBXBuildFile; fileRef = 4BEC88F1D2D21D6762A4453F; };
9DF27F87ED719EFA6BF22A10 = { isa = PBXFileReference; lastKnownFileType = sourcecode.swift; path = "RaceCard/Core/MapLabelLayout.swift"; sourceTree = "<group>"; };
99B799999ACAB1A53BAB2254 = { isa = PBXBuildFile; fileRef = 9DF27F87ED719EFA6BF22A10; };
8888E51B3C407BF47C8236EB = { isa = PBXFileReference; lastKnownFileType = sourcecode.swift; path = "RaceCard/Core/MapLayers.swift"; sourceTree = "<group>"; };
A7F6970AF26F368467961AF9 = { isa = PBXBuildFile; fileRef = 8888E51B3C407BF47C8236EB; };
0574B90AC72F347131C09C80 = { isa = PBXFileReference; lastKnownFileType = sourcecode.swift; path = "RaceCard/Core/Mapper.swift"; sourceTree = "<group>"; };
5BA1A404F2A9600F70A1802D = { isa = PBXBuildFile; fileRef = 0574B90AC72F347131C09C80; };
BC7A12120D82AB69DCFC0B2F = { isa = PBXFileReference; lastKnownFileType = sourcecode.swift; path = "RaceCard/Core/Models.swift"; sourceTree = "<group>"; };
83160C74C04336FF6CB85F95 = { isa = PBXBuildFile; fileRef = BC7A12120D82AB69DCFC0B2F; };
0EE9A99EB7FE30892CF54A82 = { isa = PBXFileReference; lastKnownFileType = sourcecode.swift; path = "RaceCard/Core/Qualifying.swift"; sourceTree = "<group>"; };
CB1C135110480FB20839A065 = { isa = PBXBuildFile; fileRef = 0EE9A99EB7FE30892CF54A82; };
0DE6C45F43A1393DB3700470 = { isa = PBXFileReference; lastKnownFileType = sourcecode.swift; path = "RaceCard/Core/RacePresentation.swift"; sourceTree = "<group>"; };
EF5302DBAC4601042CDE9002 = { isa = PBXBuildFile; fileRef = 0DE6C45F43A1393DB3700470; };
C519C457F433371C7E26748C = { isa = PBXFileReference; lastKnownFileType = sourcecode.swift; path = "RaceCard/Core/RaceStateStore.swift"; sourceTree = "<group>"; };
DBE3896EA5B919BA76B69E81 = { isa = PBXBuildFile; fileRef = C519C457F433371C7E26748C; };
987EB4774FFB940AA964FFBD = { isa = PBXFileReference; lastKnownFileType = sourcecode.swift; path = "RaceCard/Core/StewardEvents.swift"; sourceTree = "<group>"; };
E982CDBA561B24AC97899580 = { isa = PBXBuildFile; fileRef = 987EB4774FFB940AA964FFBD; };
01C10DB723FEF5D07D8D1D82 = { isa = PBXFileReference; lastKnownFileType = sourcecode.swift; path = "RaceCard/Core/TrackMetadataRepository.swift"; sourceTree = "<group>"; };
DEBEBEA4240FB8B78BA646C3 = { isa = PBXBuildFile; fileRef = 01C10DB723FEF5D07D8D1D82; };
D9D607E4A4C1063332825B8C = { isa = PBXFileReference; lastKnownFileType = sourcecode.swift; path = "RaceCard/Diagnostics/MapCalibrationInspection.swift"; sourceTree = "<group>"; };
4EBDA0F1D0F9B4EC31A2A1B4 = { isa = PBXBuildFile; fileRef = D9D607E4A4C1063332825B8C; };
00BB78BFB9AB5A989E98EC45 = { isa = PBXFileReference; lastKnownFileType = sourcecode.swift; path = "RaceCard/Providers/HistoricalProvider.swift"; sourceTree = "<group>"; };
14FFD229E4FD186B46146C36 = { isa = PBXBuildFile; fileRef = 00BB78BFB9AB5A989E98EC45; };
2FFCD27560DFBD387E562160 = { isa = PBXFileReference; lastKnownFileType = sourcecode.swift; path = "RaceCard/Providers/LiveProvider.swift"; sourceTree = "<group>"; };
DFB9D3F1B3EC2AA50ECB0C6C = { isa = PBXBuildFile; fileRef = 2FFCD27560DFBD387E562160; };
3147F151A023A4E41A398AE3 = { isa = PBXFileReference; lastKnownFileType = sourcecode.swift; path = "RaceCard/Providers/MockProvider.swift"; sourceTree = "<group>"; };
4EA4CC53BE8F2700AE7C60D0 = { isa = PBXBuildFile; fileRef = 3147F151A023A4E41A398AE3; };
307696A57CA795E07024D017 = { isa = PBXFileReference; lastKnownFileType = sourcecode.swift; path = "RaceCard/Providers/PitStartFixture.swift"; sourceTree = "<group>"; };
99EBCB48E52FC2CECC64CFC5 = { isa = PBXBuildFile; fileRef = 307696A57CA795E07024D017; };
48FA85696D628E3C2B77A7B6 = { isa = PBXFileReference; lastKnownFileType = sourcecode.swift; path = "RaceCard/RaceCardApp.swift"; sourceTree = "<group>"; };
F89233F7CC8BD1030B10563C = { isa = PBXBuildFile; fileRef = 48FA85696D628E3C2B77A7B6; };
E06C67CCCDC29BA83E697F18 = { isa = PBXFileReference; lastKnownFileType = sourcecode.swift; path = "RaceCard/UI/CanonicalMap.swift"; sourceTree = "<group>"; };
3E146ED267658FB7B6C4D399 = { isa = PBXBuildFile; fileRef = E06C67CCCDC29BA83E697F18; };
93A51C0A994DF843E881C2A1 = { isa = PBXFileReference; lastKnownFileType = sourcecode.swift; path = "RaceCard/UI/ChampionshipBackView.swift"; sourceTree = "<group>"; };
406E548BCE89844D9CE619DE = { isa = PBXBuildFile; fileRef = 93A51C0A994DF843E881C2A1; };
CA477624B91F37B6920190A2 = { isa = PBXFileReference; lastKnownFileType = sourcecode.swift; path = "RaceCard/UI/DesignComponents.swift"; sourceTree = "<group>"; };
41FA97EB29026145A5059F96 = { isa = PBXBuildFile; fileRef = CA477624B91F37B6920190A2; };
C5DD40B601DDAB5700DB4B48 = { isa = PBXFileReference; lastKnownFileType = sourcecode.swift; path = "RaceCard/UI/DriverFocusView.swift"; sourceTree = "<group>"; };
BBA7057AF0C2DAA61FC81113 = { isa = PBXBuildFile; fileRef = C5DD40B601DDAB5700DB4B48; };
679917F7D46B612C3F714AE4 = { isa = PBXFileReference; lastKnownFileType = sourcecode.swift; path = "RaceCard/UI/DriverPortrait.swift"; sourceTree = "<group>"; };
746F621BF18F1FECD6D6D416 = { isa = PBXBuildFile; fileRef = 679917F7D46B612C3F714AE4; };
45C60EE22754975011E6DEBE = { isa = PBXFileReference; lastKnownFileType = sourcecode.swift; path = "RaceCard/UI/FeedView.swift"; sourceTree = "<group>"; };
185622F58165F93C19CD509E = { isa = PBXBuildFile; fileRef = 45C60EE22754975011E6DEBE; };
0D7BE991BFBCCB2D9C0EB5FF = { isa = PBXFileReference; lastKnownFileType = sourcecode.swift; path = "RaceCard/UI/MainView.swift"; sourceTree = "<group>"; };
D9D2BA877819C2878F1D8848 = { isa = PBXBuildFile; fileRef = 0D7BE991BFBCCB2D9C0EB5FF; };
6CCC56EF10775CDEC83543FE = { isa = PBXFileReference; lastKnownFileType = sourcecode.swift; path = "RaceCard/UI/MapAlertArea.swift"; sourceTree = "<group>"; };
5455DDE0ABB6E2D40A2E9717 = { isa = PBXBuildFile; fileRef = 6CCC56EF10775CDEC83543FE; };
1F8F77307EBE266C8F51E8EB = { isa = PBXFileReference; lastKnownFileType = sourcecode.swift; path = "RaceCard/UI/OperationalMap.swift"; sourceTree = "<group>"; };
857F4A26600EDEA3F12EA91B = { isa = PBXBuildFile; fileRef = 1F8F77307EBE266C8F51E8EB; };
D980DBF1A770D655CA9EAC54 = { isa = PBXFileReference; lastKnownFileType = sourcecode.swift; path = "RaceCard/UI/Profiles.swift"; sourceTree = "<group>"; };
A123A6D1D766002F525ABCC1 = { isa = PBXBuildFile; fileRef = D980DBF1A770D655CA9EAC54; };
95F2409413F1F72A34242D9A = { isa = PBXFileReference; lastKnownFileType = sourcecode.swift; path = "RaceCard/UI/QualifyingDashboard.swift"; sourceTree = "<group>"; };
D61A887BB6AFBF4CD70A7BD9 = { isa = PBXBuildFile; fileRef = 95F2409413F1F72A34242D9A; };
BA99E38015DCBC99E71579B3 = { isa = PBXFileReference; lastKnownFileType = sourcecode.swift; path = "RaceCard/UI/RaceSummaryCard.swift"; sourceTree = "<group>"; };
11F2C2DD4E7417B65B59DAB2 = { isa = PBXBuildFile; fileRef = BA99E38015DCBC99E71579B3; };
468256E8FA0859D8EC8B2462 = { isa = PBXFileReference; lastKnownFileType = sourcecode.swift; path = "RaceCard/UI/Sheets.swift"; sourceTree = "<group>"; };
867DFC214CEBBF05BD69E0E6 = { isa = PBXBuildFile; fileRef = 468256E8FA0859D8EC8B2462; };
E2FDECA594EF0EE56660A833 = { isa = PBXFileReference; lastKnownFileType = sourcecode.swift; path = "RaceCard/UI/StintHistoryView.swift"; sourceTree = "<group>"; };
38DD6F4DFA2A4A71883E7B33 = { isa = PBXBuildFile; fileRef = E2FDECA594EF0EE56660A833; };
D9F1A73DCB2A156B86050F66 = { isa = PBXFileReference; lastKnownFileType = sourcecode.swift; path = "RaceCard/UI/TeamBrandLibrary.swift"; sourceTree = "<group>"; };
9F998E9BA31DCEC61BE15559 = { isa = PBXBuildFile; fileRef = D9F1A73DCB2A156B86050F66; };
4160954F04FEEEAF9F1F79BF = { isa = PBXFileReference; lastKnownFileType = sourcecode.swift; path = "RaceCard/UI/TrackLibraryView.swift"; sourceTree = "<group>"; };
E0E230B43D3498C050A5A179 = { isa = PBXBuildFile; fileRef = 4160954F04FEEEAF9F1F79BF; };
97CF8AB10F70D4B763A61155 = { isa = PBXFileReference; lastKnownFileType = sourcecode.swift; path = "RaceCard/UI/TyreUsageGauge.swift"; sourceTree = "<group>"; };
2815373F62E241554E19DCCF = { isa = PBXBuildFile; fileRef = 97CF8AB10F70D4B763A61155; };
2D764CD838DB39F040AA7EC4 = { isa = PBXSourcesBuildPhase; buildActionMask = 2147483647; files = (4679BDEE51EC2A97AC7E0B7F,A6680AB22428A5A50838551E,A9DAAD29BD558AC8B8F8B73E,DBD0BB96B349D0FDB3028EE2,DEC2F9C8C98129A654474552,CC40199EC0D0E14A2AC37EAB,6B61C32A1CDED96FF9D683FB,99B799999ACAB1A53BAB2254,A7F6970AF26F368467961AF9,5BA1A404F2A9600F70A1802D,83160C74C04336FF6CB85F95,CB1C135110480FB20839A065,EF5302DBAC4601042CDE9002,DBE3896EA5B919BA76B69E81,E982CDBA561B24AC97899580,DEBEBEA4240FB8B78BA646C3,4EBDA0F1D0F9B4EC31A2A1B4,14FFD229E4FD186B46146C36,DFB9D3F1B3EC2AA50ECB0C6C,4EA4CC53BE8F2700AE7C60D0,99EBCB48E52FC2CECC64CFC5,F89233F7CC8BD1030B10563C,3E146ED267658FB7B6C4D399,406E548BCE89844D9CE619DE,41FA97EB29026145A5059F96,BBA7057AF0C2DAA61FC81113,746F621BF18F1FECD6D6D416,185622F58165F93C19CD509E,D9D2BA877819C2878F1D8848,5455DDE0ABB6E2D40A2E9717,857F4A26600EDEA3F12EA91B,A123A6D1D766002F525ABCC1,D61A887BB6AFBF4CD70A7BD9,11F2C2DD4E7417B65B59DAB2,867DFC214CEBBF05BD69E0E6,38DD6F4DFA2A4A71883E7B33,9F998E9BA31DCEC61BE15559,E0E230B43D3498C050A5A179,2815373F62E241554E19DCCF,); runOnlyForDeploymentPostprocessing = 0; };
F5158FB92A799C352F22B526 = { isa = PBXFileReference; lastKnownFileType = sourcecode.swift; path = "RaceCardTests/FinalPolishTests.swift"; sourceTree = "<group>"; };
EA989DBB1D96B946FE594A5A = { isa = PBXBuildFile; fileRef = F5158FB92A799C352F22B526; };
042A4987E714F39FC43808C1 = { isa = PBXFileReference; lastKnownFileType = sourcecode.swift; path = "RaceCardTests/LapDeletionTests.swift"; sourceTree = "<group>"; };
44A57A60D04C720B2E1C1AC9 = { isa = PBXBuildFile; fileRef = 042A4987E714F39FC43808C1; };
927FF5C7A1F9FA011A403604 = { isa = PBXFileReference; lastKnownFileType = sourcecode.swift; path = "RaceCardTests/PublicBuildTests.swift"; sourceTree = "<group>"; };
47AABE20A6579DB36158FFC1 = { isa = PBXBuildFile; fileRef = 927FF5C7A1F9FA011A403604; };
078F5C6476F4A6CAC5CBE8D9 = { isa = PBXFileReference; lastKnownFileType = sourcecode.swift; path = "RaceCardTests/QualifyingTests.swift"; sourceTree = "<group>"; };
7FE97B2FC22E9AD94F435785 = { isa = PBXBuildFile; fileRef = 078F5C6476F4A6CAC5CBE8D9; };
4998F078CBAE9A338E454211 = { isa = PBXFileReference; lastKnownFileType = sourcecode.swift; path = "RaceCardTests/RaceCardTests.swift"; sourceTree = "<group>"; };
2A86FC144DFF65CEC0A8193F = { isa = PBXBuildFile; fileRef = 4998F078CBAE9A338E454211; };
5B39152E265F0D5B490DA920 = { isa = PBXFileReference; lastKnownFileType = sourcecode.swift; path = "RaceCardTests/RefinementTests.swift"; sourceTree = "<group>"; };
29EE8F623252E4873F3705DB = { isa = PBXBuildFile; fileRef = 5B39152E265F0D5B490DA920; };
75DBE63F3C2D735135190084 = { isa = PBXFileReference; lastKnownFileType = sourcecode.swift; path = "RaceCardTests/Revised2Tests.swift"; sourceTree = "<group>"; };
02E2DDC56AFF324B9F5CDD69 = { isa = PBXBuildFile; fileRef = 75DBE63F3C2D735135190084; };
E55568E45DF8E0CCED28C183 = { isa = PBXFileReference; lastKnownFileType = sourcecode.swift; path = "RaceCardTests/RevisedMapTests.swift"; sourceTree = "<group>"; };
4E286E4F52749963078BD383 = { isa = PBXBuildFile; fileRef = E55568E45DF8E0CCED28C183; };
B5786FC98EBA38B318686789 = { isa = PBXFileReference; lastKnownFileType = sourcecode.swift; path = "RaceCardTests/StewardTests.swift"; sourceTree = "<group>"; };
48E03772014783B953C63724 = { isa = PBXBuildFile; fileRef = B5786FC98EBA38B318686789; };
6CCDCC0D5434B06646FB1315 = { isa = PBXFileReference; lastKnownFileType = sourcecode.swift; path = "RaceCardTests/V24Tests.swift"; sourceTree = "<group>"; };
C276A3842B80F02983AE48E4 = { isa = PBXBuildFile; fileRef = 6CCDCC0D5434B06646FB1315; };
3B20722D2A2A655CB8971F4D = { isa = PBXFileReference; lastKnownFileType = sourcecode.swift; path = "RaceCardTests/V25Tests.swift"; sourceTree = "<group>"; };
C8AF793C491C69B9040425AF = { isa = PBXBuildFile; fileRef = 3B20722D2A2A655CB8971F4D; };
08D47D028451999E220D1DF3 = { isa = PBXFileReference; lastKnownFileType = sourcecode.swift; path = "RaceCardTests/V26Tests.swift"; sourceTree = "<group>"; };
F67F7C591417E48E545A1255 = { isa = PBXBuildFile; fileRef = 08D47D028451999E220D1DF3; };
9F3002A5D69B22D357A58AA9 = { isa = PBXSourcesBuildPhase; buildActionMask = 2147483647; files = (EA989DBB1D96B946FE594A5A,44A57A60D04C720B2E1C1AC9,47AABE20A6579DB36158FFC1,7FE97B2FC22E9AD94F435785,2A86FC144DFF65CEC0A8193F,29EE8F623252E4873F3705DB,02E2DDC56AFF324B9F5CDD69,4E286E4F52749963078BD383,48E03772014783B953C63724,C276A3842B80F02983AE48E4,C8AF793C491C69B9040425AF,F67F7C591417E48E545A1255,); runOnlyForDeploymentPostprocessing = 0; };
1B63CD6E9366E7363619BAC8 = { isa = PBXFileReference; lastKnownFileType = sourcecode.swift; path = "RaceCardUITests/CalendarMapUITests.swift"; sourceTree = "<group>"; };
3A8F6A3465A46FFAA8667B77 = { isa = PBXBuildFile; fileRef = 1B63CD6E9366E7363619BAC8; };
C1F6E2CACC58138F8271A1A3 = { isa = PBXFileReference; lastKnownFileType = sourcecode.swift; path = "RaceCardUITests/FinalPolishUITests.swift"; sourceTree = "<group>"; };
B38EE4B86A9B9D9B5077D831 = { isa = PBXBuildFile; fileRef = C1F6E2CACC58138F8271A1A3; };
1F46BD51A2EA38C182B34239 = { isa = PBXFileReference; lastKnownFileType = sourcecode.swift; path = "RaceCardUITests/QualifyingProductionUITests.swift"; sourceTree = "<group>"; };
0279152E4A2D22E033650E9A = { isa = PBXBuildFile; fileRef = 1F46BD51A2EA38C182B34239; };
7318A0ED8EB853D3EF39BE55 = { isa = PBXFileReference; lastKnownFileType = sourcecode.swift; path = "RaceCardUITests/RaceCardUITests.swift"; sourceTree = "<group>"; };
65A43031A1423A8C6DBD56E1 = { isa = PBXBuildFile; fileRef = 7318A0ED8EB853D3EF39BE55; };
94C7A86AE439F0B49ABEB094 = { isa = PBXFileReference; lastKnownFileType = sourcecode.swift; path = "RaceCardUITests/RefinementUITests.swift"; sourceTree = "<group>"; };
52F8DEBCABA78A16C05E4511 = { isa = PBXBuildFile; fileRef = 94C7A86AE439F0B49ABEB094; };
8AAA6CDF8EBFCED2E69FD46B = { isa = PBXFileReference; lastKnownFileType = sourcecode.swift; path = "RaceCardUITests/Revised2UITests.swift"; sourceTree = "<group>"; };
30675A6B2DF573D730419997 = { isa = PBXBuildFile; fileRef = 8AAA6CDF8EBFCED2E69FD46B; };
DFAC75E738DB700580BFCD54 = { isa = PBXFileReference; lastKnownFileType = sourcecode.swift; path = "RaceCardUITests/RevisedMapUITests.swift"; sourceTree = "<group>"; };
5DF2D5235A31FB382F387137 = { isa = PBXBuildFile; fileRef = DFAC75E738DB700580BFCD54; };
830699A6237F0671F35913D0 = { isa = PBXFileReference; lastKnownFileType = sourcecode.swift; path = "RaceCardUITests/StewardUITests.swift"; sourceTree = "<group>"; };
82DF70685E06DA8C6F09F749 = { isa = PBXBuildFile; fileRef = 830699A6237F0671F35913D0; };
76C9AD01343AE5AB96F67377 = { isa = PBXFileReference; lastKnownFileType = sourcecode.swift; path = "RaceCardUITests/V24UITests.swift"; sourceTree = "<group>"; };
E7767BDAD9B3FBB68C51E6F9 = { isa = PBXBuildFile; fileRef = 76C9AD01343AE5AB96F67377; };
730C63DEC2BB7850A28B157F = { isa = PBXFileReference; lastKnownFileType = sourcecode.swift; path = "RaceCardUITests/V25UITests.swift"; sourceTree = "<group>"; };
3197DEE1D110DC110DE95D42 = { isa = PBXBuildFile; fileRef = 730C63DEC2BB7850A28B157F; };
3AFB8761EC180D65737F65CE = { isa = PBXFileReference; lastKnownFileType = sourcecode.swift; path = "RaceCardUITests/V26UITests.swift"; sourceTree = "<group>"; };
43F0CAFE46C0514EA6D34B4D = { isa = PBXBuildFile; fileRef = 3AFB8761EC180D65737F65CE; };
163D39D31938BBA478C0E98C = { isa = PBXSourcesBuildPhase; buildActionMask = 2147483647; files = (3A8F6A3465A46FFAA8667B77,B38EE4B86A9B9D9B5077D831,0279152E4A2D22E033650E9A,65A43031A1423A8C6DBD56E1,52F8DEBCABA78A16C05E4511,30675A6B2DF573D730419997,5DF2D5235A31FB382F387137,82DF70685E06DA8C6F09F749,E7767BDAD9B3FBB68C51E6F9,3197DEE1D110DC110DE95D42,43F0CAFE46C0514EA6D34B4D,); runOnlyForDeploymentPostprocessing = 0; };
951ADAC40A5332264E10AFFC = { isa = PBXFileReference; lastKnownFileType = text.plist.strings; path = "RaceCard/Resources/en.lproj/Localizable.strings"; sourceTree = "<group>"; };
5DA6CD4251A89DDC88AA02F8 = { isa = PBXBuildFile; fileRef = 951ADAC40A5332264E10AFFC; };
7EBFFDEF33C613A9EC456416 = { isa = PBXFileReference; lastKnownFileType = text.plist.strings; path = "RaceCard/Resources/ja.lproj/Localizable.strings"; sourceTree = "<group>"; };
C16470784849FC31B70B81D2 = { isa = PBXBuildFile; fileRef = 7EBFFDEF33C613A9EC456416; };
D59113E872EA81458B5EF898 = { isa = PBXFileReference; lastKnownFileType = folder; path = "RaceCard/Resources/TrackMetadata"; sourceTree = "<group>"; };
EA83AC0B3780AF64B02E6958 = { isa = PBXBuildFile; fileRef = D59113E872EA81458B5EF898; };
B31757FD11FD7426B88B5F10 = { isa = PBXFileReference; lastKnownFileType = folder; path = "RaceCard/Resources/IdentityMetadata"; sourceTree = "<group>"; };
9287A14374B5876D66E3D468 = { isa = PBXBuildFile; fileRef = B31757FD11FD7426B88B5F10; };
0E31F46B47506F5611B50663 = { isa = PBXFileReference; lastKnownFileType = folder.assetcatalog; path = "RaceCard/Resources/TeamAssets.xcassets"; sourceTree = "<group>"; };
47BE2ABB240230C54A97C90C = { isa = PBXBuildFile; fileRef = 0E31F46B47506F5611B50663; };
0189424A5A60FED329FA868E = { isa = PBXResourcesBuildPhase; buildActionMask = 2147483647; files = (5DA6CD4251A89DDC88AA02F8,C16470784849FC31B70B81D2,EA83AC0B3780AF64B02E6958,9287A14374B5876D66E3D468,47BE2ABB240230C54A97C90C,); runOnlyForDeploymentPostprocessing = 0; };
6D795F13C8C22E022040EE00 = { isa = PBXFileReference; explicitFileType = wrapper.application; path = RaceCard.app; sourceTree = BUILT_PRODUCTS_DIR; };
AEAE4B28CDFF08F590396BA5 = { isa = PBXFileReference; explicitFileType = wrapper.cfbundle; path = RaceCardTests.xctest; sourceTree = BUILT_PRODUCTS_DIR; };
A6D19D0C953DFF5F8B9484BA = { isa = PBXFileReference; explicitFileType = wrapper.cfbundle; path = RaceCardUITests.xctest; sourceTree = BUILT_PRODUCTS_DIR; };
B28B7AF69320201D1CF206EB = { isa = PBXGroup; children = (5063A0588A0BED9D32DB0623,956AE013C8FD9A2E50491C8C,4B49D92FD7C7690C67DD0D6A,25B7BCF10B8B2F985B7F206A,7214127F68173480FB64C6BD,69703873A6042E1ED75DE3CB,4BEC88F1D2D21D6762A4453F,9DF27F87ED719EFA6BF22A10,8888E51B3C407BF47C8236EB,0574B90AC72F347131C09C80,BC7A12120D82AB69DCFC0B2F,0EE9A99EB7FE30892CF54A82,0DE6C45F43A1393DB3700470,C519C457F433371C7E26748C,987EB4774FFB940AA964FFBD,01C10DB723FEF5D07D8D1D82,D9D607E4A4C1063332825B8C,00BB78BFB9AB5A989E98EC45,2FFCD27560DFBD387E562160,3147F151A023A4E41A398AE3,307696A57CA795E07024D017,48FA85696D628E3C2B77A7B6,E06C67CCCDC29BA83E697F18,93A51C0A994DF843E881C2A1,CA477624B91F37B6920190A2,C5DD40B601DDAB5700DB4B48,679917F7D46B612C3F714AE4,45C60EE22754975011E6DEBE,0D7BE991BFBCCB2D9C0EB5FF,6CCC56EF10775CDEC83543FE,1F8F77307EBE266C8F51E8EB,D980DBF1A770D655CA9EAC54,95F2409413F1F72A34242D9A,BA99E38015DCBC99E71579B3,468256E8FA0859D8EC8B2462,E2FDECA594EF0EE56660A833,D9F1A73DCB2A156B86050F66,4160954F04FEEEAF9F1F79BF,97CF8AB10F70D4B763A61155,F5158FB92A799C352F22B526,042A4987E714F39FC43808C1,927FF5C7A1F9FA011A403604,078F5C6476F4A6CAC5CBE8D9,4998F078CBAE9A338E454211,5B39152E265F0D5B490DA920,75DBE63F3C2D735135190084,E55568E45DF8E0CCED28C183,B5786FC98EBA38B318686789,6CCDCC0D5434B06646FB1315,3B20722D2A2A655CB8971F4D,08D47D028451999E220D1DF3,1B63CD6E9366E7363619BAC8,C1F6E2CACC58138F8271A1A3,1F46BD51A2EA38C182B34239,7318A0ED8EB853D3EF39BE55,94C7A86AE439F0B49ABEB094,8AAA6CDF8EBFCED2E69FD46B,DFAC75E738DB700580BFCD54,830699A6237F0671F35913D0,76C9AD01343AE5AB96F67377,730C63DEC2BB7850A28B157F,3AFB8761EC180D65737F65CE,951ADAC40A5332264E10AFFC,7EBFFDEF33C613A9EC456416,D59113E872EA81458B5EF898,B31757FD11FD7426B88B5F10,0E31F46B47506F5611B50663,FBDC4F23F93125BBEEAE800C,); sourceTree = "<group>"; };
6C6756C82ECA0BDD4C1340FA = { isa = XCRemoteSwiftPackageReference; repositoryURL = "https://github.com/swift-server-community/mqtt-nio.git"; requirement = { kind = revision; revision = 14c8e627440a751ea564d996185d9a2d8a37593b; }; };
7EC75FBC947B0A8DCFF2465B = { isa = XCSwiftPackageProductDependency; package = 6C6756C82ECA0BDD4C1340FA; productName = MQTTNIO; };
0145AD96ACC2F201BD8E630C = { isa = XCLocalSwiftPackageReference; relativePath = RaceCardDataKit; };
F4D11F70876304CE4B73E076 = { isa = XCSwiftPackageProductDependency; package = 0145AD96ACC2F201BD8E630C; productName = RaceCardDataKit; };
264D937BDB43E1A068DB08C1 = { isa = XCSwiftPackageProductDependency; productName = NIOSSL; };
37D3E478B1965FBF9B0F9741 = { isa = PBXBuildFile; productRef = F4D11F70876304CE4B73E076; };
E1660B3F8466BA4A1AADADE4 = { isa = PBXBuildFile; productRef = 7EC75FBC947B0A8DCFF2465B; };
F1549EF5D46EBC79765E8EE4 = { isa = PBXBuildFile; productRef = 264D937BDB43E1A068DB08C1; };
7561BFB015D8F536760CB671 = { isa = PBXFrameworksBuildPhase; buildActionMask = 2147483647; files = (37D3E478B1965FBF9B0F9741,E1660B3F8466BA4A1AADADE4,F1549EF5D46EBC79765E8EE4,); runOnlyForDeploymentPostprocessing = 0; };
E9B2E96ABC5F6856F2BE79CF = { isa = XCBuildConfiguration; name = Debug; buildSettings = { SWIFT_ACTIVE_COMPILATION_CONDITIONS = DEBUG; SDKROOT = macosx; ONLY_ACTIVE_ARCH = YES; MACOSX_DEPLOYMENT_TARGET = 15.0; SWIFT_VERSION = 5.0; CLANG_ENABLE_MODULES = YES; SWIFT_STRICT_CONCURRENCY = minimal; CODE_SIGN_STYLE = Automatic; CODE_SIGN_IDENTITY = "-"; ENABLE_APP_SANDBOX = NO; SWIFT_OPTIMIZATION_LEVEL = "-Onone"; DEBUG_INFORMATION_FORMAT = dwarf; ENABLE_TESTABILITY = YES; PRODUCT_NAME = RaceCard; PRODUCT_BUNDLE_IDENTIFIER = local.racecard.mac; GENERATE_INFOPLIST_FILE = YES; INFOPLIST_KEY_LSApplicationCategoryType = "public.app-category.sports"; INFOPLIST_KEY_NSPrincipalClass = NSApplication; MARKETING_VERSION = 2.7; CURRENT_PROJECT_VERSION = 273; OTHER_LDFLAGS = "$(inherited) -lsqlite3"; }; };
5A8C91857F674E16E2724F47 = { isa = XCBuildConfiguration; name = Release; buildSettings = { SWIFT_ACTIVE_COMPILATION_CONDITIONS = RELEASE; SDKROOT = macosx; ONLY_ACTIVE_ARCH = YES; MACOSX_DEPLOYMENT_TARGET = 15.0; SWIFT_VERSION = 5.0; CLANG_ENABLE_MODULES = YES; SWIFT_STRICT_CONCURRENCY = minimal; CODE_SIGN_STYLE = Automatic; CODE_SIGN_IDENTITY = "-"; ENABLE_APP_SANDBOX = NO; SWIFT_OPTIMIZATION_LEVEL = "-O"; DEBUG_INFORMATION_FORMAT = dwarf; ENABLE_TESTABILITY = YES; PRODUCT_NAME = RaceCard; PRODUCT_BUNDLE_IDENTIFIER = local.racecard.mac; GENERATE_INFOPLIST_FILE = YES; INFOPLIST_KEY_LSApplicationCategoryType = "public.app-category.sports"; INFOPLIST_KEY_NSPrincipalClass = NSApplication; MARKETING_VERSION = 2.7; CURRENT_PROJECT_VERSION = 273; OTHER_LDFLAGS = "$(inherited) -lsqlite3"; }; };
F37922C48DA5978D02C9E50E = { isa = XCConfigurationList; buildConfigurations = (E9B2E96ABC5F6856F2BE79CF,5A8C91857F674E16E2724F47,); defaultConfigurationIsVisible = 0; defaultConfigurationName = Release; };
7D1043473D55BFA90E8530D3 = { isa = PBXNativeTarget; buildConfigurationList = F37922C48DA5978D02C9E50E; buildPhases = (2D764CD838DB39F040AA7EC4,7561BFB015D8F536760CB671,0189424A5A60FED329FA868E,); buildRules = (); dependencies = (); name = RaceCard; productName = RaceCard; productReference = 6D795F13C8C22E022040EE00; productType = "com.apple.product-type.application"; packageProductDependencies = (7EC75FBC947B0A8DCFF2465B,264D937BDB43E1A068DB08C1,F4D11F70876304CE4B73E076,); };
3B07A601889A5C98A1E12C74 = { isa = PBXContainerItemProxy; containerPortal = 98F54143AB4E86B28C3AFEE0; proxyType = 1; remoteGlobalIDString = 7D1043473D55BFA90E8530D3; remoteInfo = RaceCard; };
A5CC8802088F5DB9829D610B = { isa = PBXTargetDependency; target = 7D1043473D55BFA90E8530D3; targetProxy = 3B07A601889A5C98A1E12C74; };
FCB48D8F88BCDB0ED9FADFD7 = { isa = XCBuildConfiguration; name = Debug; buildSettings = { SWIFT_ACTIVE_COMPILATION_CONDITIONS = DEBUG; SDKROOT = macosx; ONLY_ACTIVE_ARCH = YES; MACOSX_DEPLOYMENT_TARGET = 15.0; SWIFT_VERSION = 5.0; CLANG_ENABLE_MODULES = YES; SWIFT_STRICT_CONCURRENCY = minimal; CODE_SIGN_STYLE = Automatic; CODE_SIGN_IDENTITY = "-"; ENABLE_APP_SANDBOX = NO; SWIFT_OPTIMIZATION_LEVEL = "-Onone"; DEBUG_INFORMATION_FORMAT = dwarf; ENABLE_TESTABILITY = YES; PRODUCT_NAME = RaceCardTests; PRODUCT_BUNDLE_IDENTIFIER = local.racecard.test; GENERATE_INFOPLIST_FILE = YES; TEST_HOST = "$(BUILT_PRODUCTS_DIR)/RaceCard.app/Contents/MacOS/RaceCard"; BUNDLE_LOADER = "$(TEST_HOST)"; }; };
942EEBBACD6C88CAE7F29B29 = { isa = XCBuildConfiguration; name = Release; buildSettings = { SWIFT_ACTIVE_COMPILATION_CONDITIONS = RELEASE; SDKROOT = macosx; ONLY_ACTIVE_ARCH = YES; MACOSX_DEPLOYMENT_TARGET = 15.0; SWIFT_VERSION = 5.0; CLANG_ENABLE_MODULES = YES; SWIFT_STRICT_CONCURRENCY = minimal; CODE_SIGN_STYLE = Automatic; CODE_SIGN_IDENTITY = "-"; ENABLE_APP_SANDBOX = NO; SWIFT_OPTIMIZATION_LEVEL = "-O"; DEBUG_INFORMATION_FORMAT = dwarf; ENABLE_TESTABILITY = YES; PRODUCT_NAME = RaceCardTests; PRODUCT_BUNDLE_IDENTIFIER = local.racecard.test; GENERATE_INFOPLIST_FILE = YES; TEST_HOST = "$(BUILT_PRODUCTS_DIR)/RaceCard.app/Contents/MacOS/RaceCard"; BUNDLE_LOADER = "$(TEST_HOST)"; }; };
BECB265224D91761C05FDA33 = { isa = XCConfigurationList; buildConfigurations = (FCB48D8F88BCDB0ED9FADFD7,942EEBBACD6C88CAE7F29B29,); defaultConfigurationIsVisible = 0; defaultConfigurationName = Release; };
A94A8FE5CCB19BA61C4C0873 = { isa = PBXNativeTarget; buildConfigurationList = BECB265224D91761C05FDA33; buildPhases = (9F3002A5D69B22D357A58AA9,); buildRules = (); dependencies = (A5CC8802088F5DB9829D610B,); name = RaceCardTests; productName = RaceCardTests; productReference = AEAE4B28CDFF08F590396BA5; productType = "com.apple.product-type.bundle.unit-test"; };
DC81A1167233FC404FD46B40 = { isa = PBXContainerItemProxy; containerPortal = 98F54143AB4E86B28C3AFEE0; proxyType = 1; remoteGlobalIDString = 7D1043473D55BFA90E8530D3; remoteInfo = RaceCard; };
A6BE8AAAF53B79FD2DBEC6E5 = { isa = PBXTargetDependency; target = 7D1043473D55BFA90E8530D3; targetProxy = DC81A1167233FC404FD46B40; };
94C1D7A82E2F92E70C5BA5D8 = { isa = XCBuildConfiguration; name = Debug; buildSettings = { SWIFT_ACTIVE_COMPILATION_CONDITIONS = DEBUG; SDKROOT = macosx; ONLY_ACTIVE_ARCH = YES; MACOSX_DEPLOYMENT_TARGET = 15.0; SWIFT_VERSION = 5.0; CLANG_ENABLE_MODULES = YES; SWIFT_STRICT_CONCURRENCY = minimal; CODE_SIGN_STYLE = Automatic; CODE_SIGN_IDENTITY = "-"; ENABLE_APP_SANDBOX = NO; SWIFT_OPTIMIZATION_LEVEL = "-Onone"; DEBUG_INFORMATION_FORMAT = dwarf; ENABLE_TESTABILITY = YES; PRODUCT_NAME = RaceCardUITests; PRODUCT_BUNDLE_IDENTIFIER = local.racecard.ui; GENERATE_INFOPLIST_FILE = YES; TEST_TARGET_NAME = RaceCard; }; };
9609A256A79253DD705A918E = { isa = XCBuildConfiguration; name = Release; buildSettings = { SWIFT_ACTIVE_COMPILATION_CONDITIONS = RELEASE; SDKROOT = macosx; ONLY_ACTIVE_ARCH = YES; MACOSX_DEPLOYMENT_TARGET = 15.0; SWIFT_VERSION = 5.0; CLANG_ENABLE_MODULES = YES; SWIFT_STRICT_CONCURRENCY = minimal; CODE_SIGN_STYLE = Automatic; CODE_SIGN_IDENTITY = "-"; ENABLE_APP_SANDBOX = NO; SWIFT_OPTIMIZATION_LEVEL = "-O"; DEBUG_INFORMATION_FORMAT = dwarf; ENABLE_TESTABILITY = YES; PRODUCT_NAME = RaceCardUITests; PRODUCT_BUNDLE_IDENTIFIER = local.racecard.ui; GENERATE_INFOPLIST_FILE = YES; TEST_TARGET_NAME = RaceCard; }; };
2C89FC06BA9452D155609FB8 = { isa = XCConfigurationList; buildConfigurations = (94C1D7A82E2F92E70C5BA5D8,9609A256A79253DD705A918E,); defaultConfigurationIsVisible = 0; defaultConfigurationName = Release; };
636117B25F17DA7E91194E09 = { isa = PBXNativeTarget; buildConfigurationList = 2C89FC06BA9452D155609FB8; buildPhases = (163D39D31938BBA478C0E98C,); buildRules = (); dependencies = (A6BE8AAAF53B79FD2DBEC6E5,); name = RaceCardUITests; productName = RaceCardUITests; productReference = A6D19D0C953DFF5F8B9484BA; productType = "com.apple.product-type.bundle.ui-testing"; };
89E1FD6268CC0F221A2BE178 = { isa = XCBuildConfiguration; name = Debug; buildSettings = { SWIFT_ACTIVE_COMPILATION_CONDITIONS = DEBUG; SDKROOT = macosx; ONLY_ACTIVE_ARCH = YES; MACOSX_DEPLOYMENT_TARGET = 15.0; SWIFT_VERSION = 5.0; CLANG_ENABLE_MODULES = YES; SWIFT_STRICT_CONCURRENCY = minimal; CODE_SIGN_STYLE = Automatic; CODE_SIGN_IDENTITY = "-"; ENABLE_APP_SANDBOX = NO; SWIFT_OPTIMIZATION_LEVEL = "-Onone"; DEBUG_INFORMATION_FORMAT = dwarf; ENABLE_TESTABILITY = YES;  }; };
E6DE6C99132752C914FEF632 = { isa = XCBuildConfiguration; name = Release; buildSettings = { SWIFT_ACTIVE_COMPILATION_CONDITIONS = RELEASE; SDKROOT = macosx; ONLY_ACTIVE_ARCH = YES; MACOSX_DEPLOYMENT_TARGET = 15.0; SWIFT_VERSION = 5.0; CLANG_ENABLE_MODULES = YES; SWIFT_STRICT_CONCURRENCY = minimal; CODE_SIGN_STYLE = Automatic; CODE_SIGN_IDENTITY = "-"; ENABLE_APP_SANDBOX = NO; SWIFT_OPTIMIZATION_LEVEL = "-O"; DEBUG_INFORMATION_FORMAT = dwarf; ENABLE_TESTABILITY = YES;  }; };
862894B703A6DEDF96A9DD6C = { isa = XCConfigurationList; buildConfigurations = (89E1FD6268CC0F221A2BE178,E6DE6C99132752C914FEF632,); defaultConfigurationIsVisible = 0; defaultConfigurationName = Release; };
98F54143AB4E86B28C3AFEE0 = { isa = PBXProject; attributes = { BuildIndependentTargetsInParallel = YES; LastUpgradeCheck = 2660; TargetAttributes = { A94A8FE5CCB19BA61C4C0873 = { TestTargetID = 7D1043473D55BFA90E8530D3; }; 636117B25F17DA7E91194E09 = { TestTargetID = 7D1043473D55BFA90E8530D3; }; }; }; buildConfigurationList = 862894B703A6DEDF96A9DD6C; compatibilityVersion = "Xcode 14.0"; developmentRegion = en; hasScannedForEncodings = 0; knownRegions = (en,ja,Base); mainGroup = B28B7AF69320201D1CF206EB; productRefGroup = FBDC4F23F93125BBEEAE800C; projectDirPath = ""; projectRoot = ""; targets = (7D1043473D55BFA90E8530D3,A94A8FE5CCB19BA61C4C0873,636117B25F17DA7E91194E09,); packageReferences = (6C6756C82ECA0BDD4C1340FA,0145AD96ACC2F201BD8E630C,); };
}; rootObject = 98F54143AB4E86B28C3AFEE0; }
